
Microsoft Visual Studio Solution File, Format Version 12.00
# Visual Studio 15
VisualStudioVersion = 15.0.28307.1259
MinimumVisualStudioVersion = 10.0.40219.1
Project("{FAE04EC0-301F-11D3-BF4B-00C04F79EFBC}") = "Currency Apps", "Currency Apps\Currency Apps.csproj", "{8370C5F3-77F2-4D64-9938-F995805C5C51}"
EndProject
Global
	GlobalSection(SolutionConfigurationPlatforms) = preSolution
		Debug|Any CPU = Debug|Any CPU
		Release|Any CPU = Release|Any CPU
	EndGlobalSection
	GlobalSection(ProjectConfigurationPlatforms) = postSolution
		{8370C5F3-77F2-4D64-9938-F995805C5C51}.Debug|Any CPU.ActiveCfg = Debug|Any CPU
		{8370C5F3-77F2-4D64-9938-F995805C5C51}.Debug|Any CPU.Build.0 = Debug|Any CPU
		{8370C5F3-77F2-4D64-9938-F995805C5C51}.Release|Any CPU.ActiveCfg = Release|Any CPU
		{8370C5F3-77F2-4D64-9938-F995805C5C51}.Release|Any CPU.Build.0 = Release|Any CPU
	EndGlobalSection
	GlobalSection(SolutionProperties) = preSolution
		HideSolutionNode = FALSE
	EndGlobalSection
	GlobalSection(ExtensibilityGlobals) = postSolution
		SolutionGuid = {D6E173C8-B626-462C-AE02-27F96BFAED59}
	EndGlobalSection
EndGlobal
